hash: 3d4edd55ea5ad89763e208347b31dac86d999bf93c182ae402ebb5740b7a2baa
updated: 2016-01-29T16:45:45.485465619-08:00
imports:
- name: github.com/mattn/go-runewidth
  version: e882a96ec18dd43fa283187b66af74497c9101c0
- name: github.com/olekukonko/tablewriter
  version: cca8bbc0798408af109aaaa239cbd2634846b340
devImports: []
