hash: e71d26850e3330d56ee3e2d9938eace145c780305e761b47abc640608d2214ff
updated: 2016-04-12T12:35:09.86721773-07:00
imports:
- name: github.com/fatih/color
  version: 533cd7fd8a85905f67a1753afb4deddc85ea174f
- name: github.com/olekukonko/tablewriter
  version: cca8bbc0798408af109aaaa239cbd2634846b340
- name: github.com/orchestrate-io/dvr
  version: adafdc8de746d2a490c15a8ab8704c6110a0dcd6
- name: github.com/stretchr/testify
  version: 9f9027faeb0dad515336ed2f28317f9f8f527ab4
  subpackages:
  - assert
- name: golang.org/x/net
  version: 35b06af0720201bc2f326773a80767387544f8c4
  subpackages:
  - context
  - context/ctxhttp
devImports: []
